
Microsoft Visual Studio Solution File, Format Version 12.00
# Visual Studio Version 16
VisualStudioVersion = 16.0.30523.141
MinimumVisualStudioVersion = 10.0.40219.1
Project("{FAE04EC0-301F-11D3-BF4B-00C04F79EFBC}") = "ErweiterteCSharpThemen2", "ErweiterteCSharpThemen2.csproj", "{1ABE0C06-8337-478E-B627-9A769AC93D2B}"
EndProject
Global
	GlobalSection(SolutionConfigurationPlatforms) = preSolution
		Debug|Any CPU = Debug|Any CPU
		Release|Any CPU = Release|Any CPU
	EndGlobalSection
	GlobalSection(ProjectConfigurationPlatforms) = postSolution
		{1ABE0C06-8337-478E-B627-9A769AC93D2B}.Debug|Any CPU.ActiveCfg = Debug|Any CPU
		{1ABE0C06-8337-478E-B627-9A769AC93D2B}.Debug|Any CPU.Build.0 = Debug|Any CPU
		{1ABE0C06-8337-478E-B627-9A769AC93D2B}.Release|Any CPU.ActiveCfg = Release|Any CPU
		{1ABE0C06-8337-478E-B627-9A769AC93D2B}.Release|Any CPU.Build.0 = Release|Any CPU
	EndGlobalSection
	GlobalSection(SolutionProperties) = preSolution
		HideSolutionNode = FALSE
	EndGlobalSection
	GlobalSection(ExtensibilityGlobals) = postSolution
		SolutionGuid = {91D800B9-51B7-4AFF-B88C-0788BAAD39DC}
	EndGlobalSection
EndGlobal
